
Microsoft Visual Studio Solution File, Format Version 12.00
# Visual Studio 15
VisualStudioVersion = 15.0.27703.2035
MinimumVisualStudioVersion = 10.0.40219.1
Project("{FAE04EC0-301F-11D3-BF4B-00C04F79EFBC}") = "adarshjrcollegemalkapur", "adarshjrcollegemalkapur\adarshjrcollegemalkapur.csproj", "{0D5E2581-2708-4F0C-AB00-24190FCC7F3C}"
EndProject
Project("{FAE04EC0-301F-11D3-BF4B-00C04F79EFBC}") = "Application.Utilities", "Application.Utilities\Application.Utilities.csproj", "{8BAE0FA1-A747-4D2B-B321-C5AABADEAC40}"
EndProject
Global
	GlobalSection(SolutionConfigurationPlatforms) = preSolution
		Debug|Any CPU = Debug|Any CPU
		Debug|x64 = Debug|x64
		Release|Any CPU = Release|Any CPU
		Release|x64 = Release|x64
	EndGlobalSection
	GlobalSection(ProjectConfigurationPlatforms) = postSolution
		{0D5E2581-2708-4F0C-AB00-24190FCC7F3C}.Debug|Any CPU.ActiveCfg = Debug|Any CPU
		{0D5E2581-2708-4F0C-AB00-24190FCC7F3C}.Debug|Any CPU.Build.0 = Debug|Any CPU
		{0D5E2581-2708-4F0C-AB00-24190FCC7F3C}.Debug|x64.ActiveCfg = Debug|x64
		{0D5E2581-2708-4F0C-AB00-24190FCC7F3C}.Debug|x64.Build.0 = Debug|x64
		{0D5E2581-2708-4F0C-AB00-24190FCC7F3C}.Release|Any CPU.ActiveCfg = Release|Any CPU
		{0D5E2581-2708-4F0C-AB00-24190FCC7F3C}.Release|Any CPU.Build.0 = Release|Any CPU
		{0D5E2581-2708-4F0C-AB00-24190FCC7F3C}.Release|x64.ActiveCfg = Release|x64
		{0D5E2581-2708-4F0C-AB00-24190FCC7F3C}.Release|x64.Build.0 = Release|x64
		{8BAE0FA1-A747-4D2B-B321-C5AABADEAC40}.Debug|Any CPU.ActiveCfg = Debug|Any CPU
		{8BAE0FA1-A747-4D2B-B321-C5AABADEAC40}.Debug|Any CPU.Build.0 = Debug|Any CPU
		{8BAE0FA1-A747-4D2B-B321-C5AABADEAC40}.Debug|x64.ActiveCfg = Debug|x64
		{8BAE0FA1-A747-4D2B-B321-C5AABADEAC40}.Debug|x64.Build.0 = Debug|x64
		{8BAE0FA1-A747-4D2B-B321-C5AABADEAC40}.Release|Any CPU.ActiveCfg = Release|Any CPU
		{8BAE0FA1-A747-4D2B-B321-C5AABADEAC40}.Release|Any CPU.Build.0 = Release|Any CPU
		{8BAE0FA1-A747-4D2B-B321-C5AABADEAC40}.Release|x64.ActiveCfg = Release|x64
		{8BAE0FA1-A747-4D2B-B321-C5AABADEAC40}.Release|x64.Build.0 = Release|x64
		{BE30F8BE-199B-4617-A0A0-AF9D757F34FE}.Debug|Any CPU.ActiveCfg = Debug|Any CPU
		{BE30F8BE-199B-4617-A0A0-AF9D757F34FE}.Debug|Any CPU.Build.0 = Debug|Any CPU
		{BE30F8BE-199B-4617-A0A0-AF9D757F34FE}.Debug|x64.ActiveCfg = Debug|x64
		{BE30F8BE-199B-4617-A0A0-AF9D757F34FE}.Debug|x64.Build.0 = Debug|x64
		{BE30F8BE-199B-4617-A0A0-AF9D757F34FE}.Release|Any CPU.ActiveCfg = Release|Any CPU
		{BE30F8BE-199B-4617-A0A0-AF9D757F34FE}.Release|Any CPU.Build.0 = Release|Any CPU
		{BE30F8BE-199B-4617-A0A0-AF9D757F34FE}.Release|x64.ActiveCfg = Release|x64
		{BE30F8BE-199B-4617-A0A0-AF9D757F34FE}.Release|x64.Build.0 = Release|x64
	EndGlobalSection
	GlobalSection(SolutionProperties) = preSolution
		HideSolutionNode = FALSE
	EndGlobalSection
	GlobalSection(ExtensibilityGlobals) = postSolution
		SolutionGuid = {43668B4C-B610-42B1-8289-B4144CECA818}
	EndGlobalSection
EndGlobal
